
Microsoft Visual Studio Solution File, Format Version 12.00
# Visual Studio Version 17
VisualStudioVersion = 17.5.33530.505
MinimumVisualStudioVersion = 10.0.40219.1
Project("{9A19103F-16F7-4668-BE54-9A1E7A4F7556}") = "PaymentBlazor", "PaymentBlazor\PaymentBlazor.csproj", "{0FD3AD64-C336-4855-894E-140295F3A75A}"
EndProject
Project("{9A19103F-16F7-4668-BE54-9A1E7A4F7556}") = "PaymentAPI", "PaymentAPI\PaymentAPI.csproj", "{A02342E7-7181-49B6-A438-665FC3DF7C0C}"
EndProject
Global
	GlobalSection(SolutionConfigurationPlatforms) = preSolution
		Debug|Any CPU = Debug|Any CPU
		Release|Any CPU = Release|Any CPU
	EndGlobalSection
	GlobalSection(ProjectConfigurationPlatforms) = postSolution
		{0FD3AD64-C336-4855-894E-140295F3A75A}.Debug|Any CPU.ActiveCfg = Debug|Any CPU
		{0FD3AD64-C336-4855-894E-140295F3A75A}.Debug|Any CPU.Build.0 = Debug|Any CPU
		{0FD3AD64-C336-4855-894E-140295F3A75A}.Release|Any CPU.ActiveCfg = Release|Any CPU
		{0FD3AD64-C336-4855-894E-140295F3A75A}.Release|Any CPU.Build.0 = Release|Any CPU
		{A02342E7-7181-49B6-A438-665FC3DF7C0C}.Debug|Any CPU.ActiveCfg = Debug|Any CPU
		{A02342E7-7181-49B6-A438-665FC3DF7C0C}.Debug|Any CPU.Build.0 = Debug|Any CPU
		{A02342E7-7181-49B6-A438-665FC3DF7C0C}.Release|Any CPU.ActiveCfg = Release|Any CPU
		{A02342E7-7181-49B6-A438-665FC3DF7C0C}.Release|Any CPU.Build.0 = Release|Any CPU
	EndGlobalSection
	GlobalSection(SolutionProperties) = preSolution
		HideSolutionNode = FALSE
	EndGlobalSection
	GlobalSection(ExtensibilityGlobals) = postSolution
		SolutionGuid = {379A83CF-62D3-4C56-BA78-7244710E10F5}
	EndGlobalSection
EndGlobal
